
Microsoft Visual Studio Solution File, Format Version 12.00
# Visual Studio Version 17
VisualStudioVersion = 17.8.34511.84
MinimumVisualStudioVersion = 10.0.40219.1
Project("{FAE04EC0-301F-11D3-BF4B-00C04F79EFBC}") = "MVCSchoolData", "MVCSchoolData\MVCSchoolData.csproj", "{18BEFBD1-BB1E-4E33-ABE4-BD3CF743B7DA}"
EndProject
Global
	GlobalSection(SolutionConfigurationPlatforms) = preSolution
		Debug|Any CPU = Debug|Any CPU
		Release|Any CPU = Release|Any CPU
	EndGlobalSection
	GlobalSection(ProjectConfigurationPlatforms) = postSolution
		{18BEFBD1-BB1E-4E33-ABE4-BD3CF743B7DA}.Debug|Any CPU.ActiveCfg = Debug|Any CPU
		{18BEFBD1-BB1E-4E33-ABE4-BD3CF743B7DA}.Debug|Any CPU.Build.0 = Debug|Any CPU
		{18BEFBD1-BB1E-4E33-ABE4-BD3CF743B7DA}.Release|Any CPU.ActiveCfg = Release|Any CPU
		{18BEFBD1-BB1E-4E33-ABE4-BD3CF743B7DA}.Release|Any CPU.Build.0 = Release|Any CPU
	EndGlobalSection
	GlobalSection(SolutionProperties) = preSolution
		HideSolutionNode = FALSE
	EndGlobalSection
	GlobalSection(ExtensibilityGlobals) = postSolution
		SolutionGuid = {F8B1DEDF-514D-45AB-BC13-DF6666425980}
	EndGlobalSection
EndGlobal
